
Microsoft Visual Studio Solution File, Format Version 12.00
# Visual Studio Version 17
VisualStudioVersion = 17.0.31903.59
MinimumVisualStudioVersion = 10.0.40219.1
Project("{FAE04EC0-301F-11D3-BF4B-00C04F79EFBC}") = "WebApp", "WebApp\WebApp.csproj", "{2BF64DB8-4745-49FA-B2F9-89FF3E497777}"
EndProject
Project("{FAE04EC0-301F-11D3-BF4B-00C04F79EFBC}") = "WebAppMVC", "WebAppMVC\WebAppMVC.csproj", "{382A1632-F8EC-4E71-8413-1D336465B0C3}"
EndProject
Project("{FAE04EC0-301F-11D3-BF4B-00C04F79EFBC}") = "CoreBusiness", "CoreBusiness\CoreBusiness.csproj", "{7AE9FF56-550D-4A23-9646-FD859EB8009D}"
EndProject
Project("{FAE04EC0-301F-11D3-BF4B-00C04F79EFBC}") = "UseCases", "UseCases\UseCases.csproj", "{5DEFBF66-E0F5-4D8C-B3F2-A65A71E3C816}"
EndProject
Project("{2150E333-8FDC-42A3-9474-1A3956D46DE8}") = "Plugins", "Plugins", "{07D57EEB-2F50-60C4-C011-FE4FA775C9A8}"
EndProject
Project("{FAE04EC0-301F-11D3-BF4B-00C04F79EFBC}") = "Plugins.DataStore.InMemory", "Plugins\Plugins.DataStore.InMemory\Plugins.DataStore.InMemory.csproj", "{A75BADFC-F693-4D13-99D7-6E186CCEB194}"
EndProject
Global
	GlobalSection(SolutionConfigurationPlatforms) = preSolution
		Debug|Any CPU = Debug|Any CPU
		Debug|x64 = Debug|x64
		Debug|x86 = Debug|x86
		Release|Any CPU = Release|Any CPU
		Release|x64 = Release|x64
		Release|x86 = Release|x86
	EndGlobalSection
	GlobalSection(ProjectConfigurationPlatforms) = postSolution
		{2BF64DB8-4745-49FA-B2F9-89FF3E497777}.Debug|Any CPU.ActiveCfg = Debug|Any CPU
		{2BF64DB8-4745-49FA-B2F9-89FF3E497777}.Debug|Any CPU.Build.0 = Debug|Any CPU
		{2BF64DB8-4745-49FA-B2F9-89FF3E497777}.Debug|x64.ActiveCfg = Debug|Any CPU
		{2BF64DB8-4745-49FA-B2F9-89FF3E497777}.Debug|x64.Build.0 = Debug|Any CPU
		{2BF64DB8-4745-49FA-B2F9-89FF3E497777}.Debug|x86.ActiveCfg = Debug|Any CPU
		{2BF64DB8-4745-49FA-B2F9-89FF3E497777}.Debug|x86.Build.0 = Debug|Any CPU
		{2BF64DB8-4745-49FA-B2F9-89FF3E497777}.Release|Any CPU.ActiveCfg = Release|Any CPU
		{2BF64DB8-4745-49FA-B2F9-89FF3E497777}.Release|Any CPU.Build.0 = Release|Any CPU
		{2BF64DB8-4745-49FA-B2F9-89FF3E497777}.Release|x64.ActiveCfg = Release|Any CPU
		{2BF64DB8-4745-49FA-B2F9-89FF3E497777}.Release|x64.Build.0 = Release|Any CPU
		{2BF64DB8-4745-49FA-B2F9-89FF3E497777}.Release|x86.ActiveCfg = Release|Any CPU
		{2BF64DB8-4745-49FA-B2F9-89FF3E497777}.Release|x86.Build.0 = Release|Any CPU
		{382A1632-F8EC-4E71-8413-1D336465B0C3}.Debug|Any CPU.ActiveCfg = Debug|Any CPU
		{382A1632-F8EC-4E71-8413-1D336465B0C3}.Debug|Any CPU.Build.0 = Debug|Any CPU
		{382A1632-F8EC-4E71-8413-1D336465B0C3}.Debug|x64.ActiveCfg = Debug|Any CPU
		{382A1632-F8EC-4E71-8413-1D336465B0C3}.Debug|x64.Build.0 = Debug|Any CPU
		{382A1632-F8EC-4E71-8413-1D336465B0C3}.Debug|x86.ActiveCfg = Debug|Any CPU
		{382A1632-F8EC-4E71-8413-1D336465B0C3}.Debug|x86.Build.0 = Debug|Any CPU
		{382A1632-F8EC-4E71-8413-1D336465B0C3}.Release|Any CPU.ActiveCfg = Release|Any CPU
		{382A1632-F8EC-4E71-8413-1D336465B0C3}.Release|Any CPU.Build.0 = Release|Any CPU
		{382A1632-F8EC-4E71-8413-1D336465B0C3}.Release|x64.ActiveCfg = Release|Any CPU
		{382A1632-F8EC-4E71-8413-1D336465B0C3}.Release|x64.Build.0 = Release|Any CPU
		{382A1632-F8EC-4E71-8413-1D336465B0C3}.Release|x86.ActiveCfg = Release|Any CPU
		{382A1632-F8EC-4E71-8413-1D336465B0C3}.Release|x86.Build.0 = Release|Any CPU
		{7AE9FF56-550D-4A23-9646-FD859EB8009D}.Debug|Any CPU.ActiveCfg = Debug|Any CPU
		{7AE9FF56-550D-4A23-9646-FD859EB8009D}.Debug|Any CPU.Build.0 = Debug|Any CPU
		{7AE9FF56-550D-4A23-9646-FD859EB8009D}.Debug|x64.ActiveCfg = Debug|Any CPU
		{7AE9FF56-550D-4A23-9646-FD859EB8009D}.Debug|x64.Build.0 = Debug|Any CPU
		{7AE9FF56-550D-4A23-9646-FD859EB8009D}.Debug|x86.ActiveCfg = Debug|Any CPU
		{7AE9FF56-550D-4A23-9646-FD859EB8009D}.Debug|x86.Build.0 = Debug|Any CPU
		{7AE9FF56-550D-4A23-9646-FD859EB8009D}.Release|Any CPU.ActiveCfg = Release|Any CPU
		{7AE9FF56-550D-4A23-9646-FD859EB8009D}.Release|Any CPU.Build.0 = Release|Any CPU
		{7AE9FF56-550D-4A23-9646-FD859EB8009D}.Release|x64.ActiveCfg = Release|Any CPU
		{7AE9FF56-550D-4A23-9646-FD859EB8009D}.Release|x64.Build.0 = Release|Any CPU
		{7AE9FF56-550D-4A23-9646-FD859EB8009D}.Release|x86.ActiveCfg = Release|Any CPU
		{7AE9FF56-550D-4A23-9646-FD859EB8009D}.Release|x86.Build.0 = Release|Any CPU
		{5DEFBF66-E0F5-4D8C-B3F2-A65A71E3C816}.Debug|Any CPU.ActiveCfg = Debug|Any CPU
		{5DEFBF66-E0F5-4D8C-B3F2-A65A71E3C816}.Debug|Any CPU.Build.0 = Debug|Any CPU
		{5DEFBF66-E0F5-4D8C-B3F2-A65A71E3C816}.Debug|x64.ActiveCfg = Debug|Any CPU
		{5DEFBF66-E0F5-4D8C-B3F2-A65A71E3C816}.Debug|x64.Build.0 = Debug|Any CPU
		{5DEFBF66-E0F5-4D8C-B3F2-A65A71E3C816}.Debug|x86.ActiveCfg = Debug|Any CPU
		{5DEFBF66-E0F5-4D8C-B3F2-A65A71E3C816}.Debug|x86.Build.0 = Debug|Any CPU
		{5DEFBF66-E0F5-4D8C-B3F2-A65A71E3C816}.Release|Any CPU.ActiveCfg = Release|Any CPU
		{5DEFBF66-E0F5-4D8C-B3F2-A65A71E3C816}.Release|Any CPU.Build.0 = Release|Any CPU
		{5DEFBF66-E0F5-4D8C-B3F2-A65A71E3C816}.Release|x64.ActiveCfg = Release|Any CPU
		{5DEFBF66-E0F5-4D8C-B3F2-A65A71E3C816}.Release|x64.Build.0 = Release|Any CPU
		{5DEFBF66-E0F5-4D8C-B3F2-A65A71E3C816}.Release|x86.ActiveCfg = Release|Any CPU
		{5DEFBF66-E0F5-4D8C-B3F2-A65A71E3C816}.Release|x86.Build.0 = Release|Any CPU
		{A75BADFC-F693-4D13-99D7-6E186CCEB194}.Debug|Any CPU.ActiveCfg = Debug|Any CPU
		{A75BADFC-F693-4D13-99D7-6E186CCEB194}.Debug|Any CPU.Build.0 = Debug|Any CPU
		{A75BADFC-F693-4D13-99D7-6E186CCEB194}.Debug|x64.ActiveCfg = Debug|Any CPU
		{A75BADFC-F693-4D13-99D7-6E186CCEB194}.Debug|x64.Build.0 = Debug|Any CPU
		{A75BADFC-F693-4D13-99D7-6E186CCEB194}.Debug|x86.ActiveCfg = Debug|Any CPU
		{A75BADFC-F693-4D13-99D7-6E186CCEB194}.Debug|x86.Build.0 = Debug|Any CPU
		{A75BADFC-F693-4D13-99D7-6E186CCEB194}.Release|Any CPU.ActiveCfg = Release|Any CPU
		{A75BADFC-F693-4D13-99D7-6E186CCEB194}.Release|Any CPU.Build.0 = Release|Any CPU
		{A75BADFC-F693-4D13-99D7-6E186CCEB194}.Release|x64.ActiveCfg = Release|Any CPU
		{A75BADFC-F693-4D13-99D7-6E186CCEB194}.Release|x64.Build.0 = Release|Any CPU
		{A75BADFC-F693-4D13-99D7-6E186CCEB194}.Release|x86.ActiveCfg = Release|Any CPU
		{A75BADFC-F693-4D13-99D7-6E186CCEB194}.Release|x86.Build.0 = Release|Any CPU
	EndGlobalSection
	GlobalSection(SolutionProperties) = preSolution
		HideSolutionNode = FALSE
	EndGlobalSection
	GlobalSection(NestedProjects) = preSolution
		{A75BADFC-F693-4D13-99D7-6E186CCEB194} = {07D57EEB-2F50-60C4-C011-FE4FA775C9A8}
	EndGlobalSection
EndGlobal
